
Microsoft Visual Studio Solution File, Format Version 10.00
# Visual Studio 2008
Project("{FAE04EC0-301F-11D3-BF4B-00C04F79EFBC}") = "Brahma", "Brahma\Brahma.csproj", "{0E731438-DD9E-4444-950D-EF2DE31D3E97}"
EndProject
Project("{FAE04EC0-301F-11D3-BF4B-00C04F79EFBC}") = "Brahma.DirectX", "Brahma.DirectX\Brahma.DirectX.csproj", "{E70C5406-32D8-4704-8776-B031EDCF0008}"
EndProject
Project("{FAE04EC0-301F-11D3-BF4B-00C04F79EFBC}") = "Brahma.DirectX.Tests", "Brahma.DirectX.Tests\Brahma.DirectX.Tests.csproj", "{C61C21B2-A28C-45C0-AE6B-FE6D336AB43F}"
EndProject
Project("{2150E333-8FDC-42A3-9474-1A3956D46DE8}") = "Samples", "Samples", "{E57B7F7C-7FD4-4D71-945C-9A4259DC5808}"
EndProject
Project("{FAE04EC0-301F-11D3-BF4B-00C04F79EFBC}") = "Brahma.OpenGL", "Brahma.OpenGL\Brahma.OpenGL.csproj", "{DC72B42A-8FAC-4C1B-BF47-1F3A35B29DFF}"
EndProject
Project("{FAE04EC0-301F-11D3-BF4B-00C04F79EFBC}") = "Brahma.OpenGL.Tests", "Brahma.OpenGL.Tests\Brahma.OpenGL.Tests.csproj", "{7B462BB5-25C6-4072-AFFC-3CC4047D9415}"
EndProject
Project("{2150E333-8FDC-42A3-9474-1A3956D46DE8}") = "DirectX", "DirectX", "{795B92E6-20CB-4C5B-AF4A-EEA234FF351D}"
EndProject
Project("{FAE04EC0-301F-11D3-BF4B-00C04F79EFBC}") = "GameOfLife", "Samples\DirectX\GameOfLife\GameOfLife.csproj", "{6AC53C35-7262-4FEB-A655-3F2C8D65B8B2}"
EndProject
Project("{FAE04EC0-301F-11D3-BF4B-00C04F79EFBC}") = "Mandelbrot", "Samples\DirectX\Mandelbrot\Mandelbrot.csproj", "{DD3974A3-38EC-4D05-814C-197023C1BAE1}"
EndProject
Project("{FAE04EC0-301F-11D3-BF4B-00C04F79EFBC}") = "OddEvenTranspositionSort", "Samples\DirectX\OddEvenTranspositionSort\OddEvenTranspositionSort.csproj", "{CB280DD0-82B7-49FB-8874-1A37106CBD69}"
EndProject
Project("{2150E333-8FDC-42A3-9474-1A3956D46DE8}") = "OpenGL", "OpenGL", "{B4BC861B-F1E7-422E-86D3-B63ABB372B35}"
EndProject
Project("{FAE04EC0-301F-11D3-BF4B-00C04F79EFBC}") = "OddEvenTranspositionSort", "Samples\OpenGL\OddEvenTranspositionSort\OddEvenTranspositionSort.csproj", "{8C99F0ED-6A5E-4753-B010-E785BD4DAF2C}"
EndProject
Project("{FAE04EC0-301F-11D3-BF4B-00C04F79EFBC}") = "Brahma.Platform", "Brahma.Platform\Brahma.Platform.csproj", "{2890C8D2-FFE2-4B2A-853E-04B4DD2D4D22}"
EndProject
Project("{FAE04EC0-301F-11D3-BF4B-00C04F79EFBC}") = "Mandelbrot", "Samples\OpenGL\Mandelbrot\Mandelbrot.csproj", "{29841C4A-AF52-46F9-ADCC-1D91AB571496}"
EndProject
Project("{FAE04EC0-301F-11D3-BF4B-00C04F79EFBC}") = "GameOfLife", "Samples\OpenGL\GameOfLife\GameOfLife.csproj", "{79E1D9D2-2B08-4AA8-8B5B-8F0119117980}"
EndProject
Project("{FAE04EC0-301F-11D3-BF4B-00C04F79EFBC}") = "Brahma.Platform.OpenGL", "Brahma.Platform.OpenGL\Brahma.Platform.OpenGL.csproj", "{74C2808C-41E5-4094-9478-B2592145AC45}"
EndProject
Project("{2150E333-8FDC-42A3-9474-1A3956D46DE8}") = "Tests", "Tests", "{96EDBDFB-0C69-40BC-88AA-D69CF908DFA4}"
EndProject
Project("{2150E333-8FDC-42A3-9474-1A3956D46DE8}") = "DirectX", "DirectX", "{8419948D-2878-4710-909F-D587915F9F46}"
EndProject
Project("{2150E333-8FDC-42A3-9474-1A3956D46DE8}") = "OpenGL", "OpenGL", "{5B5A175C-C4DD-42D4-BECB-DFD0741D61E2}"
EndProject
Global
	GlobalSection(SolutionConfigurationPlatforms) = preSolution
		Debug|Any CPU = Debug|Any CPU
		Release|Any CPU = Release|Any CPU
	EndGlobalSection
	GlobalSection(ProjectConfigurationPlatforms) = postSolution
		{0E731438-DD9E-4444-950D-EF2DE31D3E97}.Debug|Any CPU.ActiveCfg = Debug|Any CPU
		{0E731438-DD9E-4444-950D-EF2DE31D3E97}.Debug|Any CPU.Build.0 = Debug|Any CPU
		{0E731438-DD9E-4444-950D-EF2DE31D3E97}.Release|Any CPU.ActiveCfg = Release|Any CPU
		{0E731438-DD9E-4444-950D-EF2DE31D3E97}.Release|Any CPU.Build.0 = Release|Any CPU
		{E70C5406-32D8-4704-8776-B031EDCF0008}.Debug|Any CPU.ActiveCfg = Debug|Any CPU
		{E70C5406-32D8-4704-8776-B031EDCF0008}.Debug|Any CPU.Build.0 = Debug|Any CPU
		{E70C5406-32D8-4704-8776-B031EDCF0008}.Release|Any CPU.ActiveCfg = Release|Any CPU
		{E70C5406-32D8-4704-8776-B031EDCF0008}.Release|Any CPU.Build.0 = Release|Any CPU
		{C61C21B2-A28C-45C0-AE6B-FE6D336AB43F}.Debug|Any CPU.ActiveCfg = Debug|Any CPU
		{C61C21B2-A28C-45C0-AE6B-FE6D336AB43F}.Debug|Any CPU.Build.0 = Debug|Any CPU
		{C61C21B2-A28C-45C0-AE6B-FE6D336AB43F}.Release|Any CPU.ActiveCfg = Release|Any CPU
		{C61C21B2-A28C-45C0-AE6B-FE6D336AB43F}.Release|Any CPU.Build.0 = Release|Any CPU
		{DC72B42A-8FAC-4C1B-BF47-1F3A35B29DFF}.Debug|Any CPU.ActiveCfg = Debug|Any CPU
		{DC72B42A-8FAC-4C1B-BF47-1F3A35B29DFF}.Debug|Any CPU.Build.0 = Debug|Any CPU
		{DC72B42A-8FAC-4C1B-BF47-1F3A35B29DFF}.Release|Any CPU.ActiveCfg = Release|Any CPU
		{DC72B42A-8FAC-4C1B-BF47-1F3A35B29DFF}.Release|Any CPU.Build.0 = Release|Any CPU
		{7B462BB5-25C6-4072-AFFC-3CC4047D9415}.Debug|Any CPU.ActiveCfg = Debug|Any CPU
		{7B462BB5-25C6-4072-AFFC-3CC4047D9415}.Debug|Any CPU.Build.0 = Debug|Any CPU
		{7B462BB5-25C6-4072-AFFC-3CC4047D9415}.Release|Any CPU.ActiveCfg = Release|Any CPU
		{7B462BB5-25C6-4072-AFFC-3CC4047D9415}.Release|Any CPU.Build.0 = Release|Any CPU
		{6AC53C35-7262-4FEB-A655-3F2C8D65B8B2}.Debug|Any CPU.ActiveCfg = Debug|Any CPU
		{6AC53C35-7262-4FEB-A655-3F2C8D65B8B2}.Debug|Any CPU.Build.0 = Debug|Any CPU
		{6AC53C35-7262-4FEB-A655-3F2C8D65B8B2}.Release|Any CPU.ActiveCfg = Release|Any CPU
		{6AC53C35-7262-4FEB-A655-3F2C8D65B8B2}.Release|Any CPU.Build.0 = Release|Any CPU
		{DD3974A3-38EC-4D05-814C-197023C1BAE1}.Debug|Any CPU.ActiveCfg = Debug|Any CPU
		{DD3974A3-38EC-4D05-814C-197023C1BAE1}.Debug|Any CPU.Build.0 = Debug|Any CPU
		{DD3974A3-38EC-4D05-814C-197023C1BAE1}.Release|Any CPU.ActiveCfg = Release|Any CPU
		{DD3974A3-38EC-4D05-814C-197023C1BAE1}.Release|Any CPU.Build.0 = Release|Any CPU
		{CB280DD0-82B7-49FB-8874-1A37106CBD69}.Debug|Any CPU.ActiveCfg = Debug|Any CPU
		{CB280DD0-82B7-49FB-8874-1A37106CBD69}.Debug|Any CPU.Build.0 = Debug|Any CPU
		{CB280DD0-82B7-49FB-8874-1A37106CBD69}.Release|Any CPU.ActiveCfg = Release|Any CPU
		{CB280DD0-82B7-49FB-8874-1A37106CBD69}.Release|Any CPU.Build.0 = Release|Any CPU
		{8C99F0ED-6A5E-4753-B010-E785BD4DAF2C}.Debug|Any CPU.ActiveCfg = Debug|Any CPU
		{8C99F0ED-6A5E-4753-B010-E785BD4DAF2C}.Debug|Any CPU.Build.0 = Debug|Any CPU
		{8C99F0ED-6A5E-4753-B010-E785BD4DAF2C}.Release|Any CPU.ActiveCfg = Release|Any CPU
		{8C99F0ED-6A5E-4753-B010-E785BD4DAF2C}.Release|Any CPU.Build.0 = Release|Any CPU
		{2890C8D2-FFE2-4B2A-853E-04B4DD2D4D22}.Debug|Any CPU.ActiveCfg = Debug|Any CPU
		{2890C8D2-FFE2-4B2A-853E-04B4DD2D4D22}.Debug|Any CPU.Build.0 = Debug|Any CPU
		{2890C8D2-FFE2-4B2A-853E-04B4DD2D4D22}.Release|Any CPU.ActiveCfg = Release|Any CPU
		{2890C8D2-FFE2-4B2A-853E-04B4DD2D4D22}.Release|Any CPU.Build.0 = Release|Any CPU
		{29841C4A-AF52-46F9-ADCC-1D91AB571496}.Debug|Any CPU.ActiveCfg = Debug|Any CPU
		{29841C4A-AF52-46F9-ADCC-1D91AB571496}.Debug|Any CPU.Build.0 = Debug|Any CPU
		{29841C4A-AF52-46F9-ADCC-1D91AB571496}.Release|Any CPU.ActiveCfg = Release|Any CPU
		{29841C4A-AF52-46F9-ADCC-1D91AB571496}.Release|Any CPU.Build.0 = Release|Any CPU
		{79E1D9D2-2B08-4AA8-8B5B-8F0119117980}.Debug|Any CPU.ActiveCfg = Debug|Any CPU
		{79E1D9D2-2B08-4AA8-8B5B-8F0119117980}.Debug|Any CPU.Build.0 = Debug|Any CPU
		{79E1D9D2-2B08-4AA8-8B5B-8F0119117980}.Release|Any CPU.ActiveCfg = Release|Any CPU
		{79E1D9D2-2B08-4AA8-8B5B-8F0119117980}.Release|Any CPU.Build.0 = Release|Any CPU
		{74C2808C-41E5-4094-9478-B2592145AC45}.Debug|Any CPU.ActiveCfg = Debug|Any CPU
		{74C2808C-41E5-4094-9478-B2592145AC45}.Debug|Any CPU.Build.0 = Debug|Any CPU
		{74C2808C-41E5-4094-9478-B2592145AC45}.Release|Any CPU.ActiveCfg = Release|Any CPU
		{74C2808C-41E5-4094-9478-B2592145AC45}.Release|Any CPU.Build.0 = Release|Any CPU
	EndGlobalSection
	GlobalSection(SolutionProperties) = preSolution
		HideSolutionNode = FALSE
	EndGlobalSection
	GlobalSection(NestedProjects) = preSolution
		{5B5A175C-C4DD-42D4-BECB-DFD0741D61E2} = {96EDBDFB-0C69-40BC-88AA-D69CF908DFA4}
		{8419948D-2878-4710-909F-D587915F9F46} = {96EDBDFB-0C69-40BC-88AA-D69CF908DFA4}
		{795B92E6-20CB-4C5B-AF4A-EEA234FF351D} = {E57B7F7C-7FD4-4D71-945C-9A4259DC5808}
		{B4BC861B-F1E7-422E-86D3-B63ABB372B35} = {E57B7F7C-7FD4-4D71-945C-9A4259DC5808}
		{7B462BB5-25C6-4072-AFFC-3CC4047D9415} = {5B5A175C-C4DD-42D4-BECB-DFD0741D61E2}
		{6AC53C35-7262-4FEB-A655-3F2C8D65B8B2} = {795B92E6-20CB-4C5B-AF4A-EEA234FF351D}
		{DD3974A3-38EC-4D05-814C-197023C1BAE1} = {795B92E6-20CB-4C5B-AF4A-EEA234FF351D}
		{CB280DD0-82B7-49FB-8874-1A37106CBD69} = {795B92E6-20CB-4C5B-AF4A-EEA234FF351D}
		{8C99F0ED-6A5E-4753-B010-E785BD4DAF2C} = {B4BC861B-F1E7-422E-86D3-B63ABB372B35}
		{29841C4A-AF52-46F9-ADCC-1D91AB571496} = {B4BC861B-F1E7-422E-86D3-B63ABB372B35}
		{79E1D9D2-2B08-4AA8-8B5B-8F0119117980} = {B4BC861B-F1E7-422E-86D3-B63ABB372B35}
		{C61C21B2-A28C-45C0-AE6B-FE6D336AB43F} = {8419948D-2878-4710-909F-D587915F9F46}
	EndGlobalSection
EndGlobal
